PODS:
  - FBSDKCoreKit (9.3.0):
    - FBSDKCoreKit/Basics (= 9.3.0)
    - FBSDKCoreKit/Core (= 9.3.0)
  - FBSDKCoreKit/Basics (9.3.0)
  - FBSDKCoreKit/Core (9.3.0):
    - FBSDKCoreKit/Basics
  - FBSDKLoginKit (9.3.0):
    - FBSDKLoginKit/Login (= 9.3.0)
  - FBSDKLoginKit/Login (9.3.0):
    - FBSDKCoreKit (~> 9.3.0)
  - FBSDKPlacesKit (4.44.1):
    - FBSDKCoreKit
  - FBSDKShareKit (9.3.0):
    - FBSDKShareKit/Share (= 9.3.0)
  - FBSDKShareKit/Share (9.3.0):
    - FBSDKCoreKit (~> 9.3.0)

DEPENDENCIES:
  - FBSDKCoreKit
  - FBSDKLoginKit
  - FBSDKPlacesKit
  - FBSDKShareKit

SPEC REPOS:
  trunk:
    - FBSDKCoreKit
    - FBSDKLoginKit
    - FBSDKPlacesKit
    - FBSDKShareKit

SPEC CHECKSUMS:
  FBSDKCoreKit: 0d1ae58388a458b8222f72025804cdc84eb5d0c3
  FBSDKLoginKit: aea68df6121c5e165ccae2fabfdc83c4644ee40f
  FBSDKPlacesKit: 51ea17fa8c831088177676ce10b740e4497934b0
  FBSDKShareKit: 70889c97c62f0c6b3ccb8b999e73a85f19024001

PODFILE CHECKSUM: 7a65c0d8cebf0fa52109e2e8b0f1796c51a89d08

COCOAPODS: 1.10.1
